hash: b4dfa44d08082577297fe91403e109c60b9098c2f5c6361c9716e79e2452909f
updated: 2018-06-22T18:06:49.936642+08:00
imports:
- name: github.com/dgrijalva/jwt-go
  version: 06ea1031745cb8b3dab3f6a236daf2b0aa468b7e
- name: github.com/docker/distribution
  version: 48294d928ced5dd9b378f7fd7c6f5da3ff3f2c89
  subpackages:
  - uuid
- name: github.com/fatih/color
  version: 5b77d2a35fb0ede96d138fc9a99f5c9b6aef11b4
- name: github.com/go-ole/go-ole
  version: a1ec82a652ebc7e784d7df887cfb31061aeabbcc
  subpackages:
  - oleutil
- name: github.com/gorilla/context
  version: 08b5f424b9271eedf6f9f0ce86cb9396ed337a42
- name: github.com/gorilla/mux
  version: e3702bed27f0d39777b0b37b664b6280e8ef8fbf
- name: github.com/jeffail/tunny
  version: 59cfa8fcb19f5acba8db07a0dd3cb2fa7edbc228
- name: github.com/shirou/gopsutil
  version: eeb1d38d69593f121e060d24d17f7b1f0936b203
  subpackages:
  - cpu
  - host
  - internal/common
  - mem
  - net
  - process
- name: github.com/shirou/w32
  version: bb4de0191aa41b5507caa14b0650cdbddcd9280b
- name: github.com/StackExchange/wmi
  version: cdffdb33acae0e14efff2628f9bae377b597840e
- name: golang.org/x/sys
  version: 63fc586f45fe72d95d5240a5d5eb95e6503907d3
  subpackages:
  - unix
  - windows
testImports: []
