github.com/davecgh/go-spew v1.1.0/go.mod h1:J7Y8YcW2NihsgmVo/mv3lAwl/skON4iLHjSsI+c5H38=
github.com/davecgh/go-spew v1.1.1 h1:vj9j/u1bqnvCEfJOwUhtlOARqs3+rkHYY13jYWTU97c=
github.com/davecgh/go-spew v1.1.1/go.mod h1:J7Y8YcW2NihsgmVo/mv3lAwl/skON4iLHjSsI+c5H38=
github.com/dgrijalva/jwt-go v3.2.0+incompatible h1:7qlOGliEKZXTDg6OTjfoBKDXWrumCAMpl/TFQ4/5kLM=
github.com/dgrijalva/jwt-go v3.2.0+incompatible/go.mod h1:E3ru+11k8xSBh+hMPgOLZmtrrCbhqsmaPHjLKYnJCaQ=
github.com/fatih/color v1.7.0 h1:DkWD4oS2D8LGGgTQ6IvwJJXSL5Vp2ffcQg58nFV38Ys=
github.com/fatih/color v1.7.0/go.mod h1:Zm6kSWBoL9eyXnKyktHP6abPY2pDugNf5KwzbycvMj4=
github.com/gopherjs/gopherjs v0.0.0-20181017120253-0766667cb4d1/go.mod h1:wJfORRmW1u3UXTncJ5qlYoELFm8eSnnEO6hX4iZ3EWY=
github.com/gopherjs/gopherjs v0.0.0-20190430165422-3e4dfb77656c h1:7lF+Vz0LqiRidnzC1Oq86fpX1q/iEv2KJdrCtttYjT4=
github.com/gopherjs/gopherjs v0.0.0-20190430165422-3e4dfb77656c/go.mod h1:wJfORRmW1u3UXTncJ5qlYoELFm8eSnnEO6hX4iZ3EWY=
github.com/jtolds/gls v4.20.0+incompatible h1:xdiiI2gbIgH/gLH7ADydsJ1uDOEzR8yvV7C0MuV77Wo=
github.com/jtolds/gls v4.20.0+incompatible/go.mod h1:QJZ7F/aHp+rZTRtaJ1ow/lLfFfVYBRgL+9YlvaHOwJU=
github.com/mattn/go-colorable v0.1.2 h1:/bC9yWikZXAL9uJdulbSfyVNIR3n3trXl+v8+1sx8mU=
github.com/mattn/go-colorable v0.1.2/go.mod h1:U0ppj6V5qS13XJ6of8GYAs25YV2eR4EVcfRqFIhoBtE=
github.com/mattn/go-isatty v0.0.8 h1:HLtExJ+uU2HOZ+wI0Tt5DtUDrx8yhUqDcp7fYERX4CE=
github.com/mattn/go-isatty v0.0.8/go.mod h1:Iq45c/XA43vh69/j3iqttzPXn0bhXyGjM0Hdxcsrc5s=
github.com/mylxsw/asteria v0.0.0-20190730075526-1867e6bc4dbe h1:JNV6IpUt1FnPkGFPB+FwfeC4jeb//yZ6WdO1/JKwRhY=
github.com/mylxsw/asteria v0.0.0-20190730075526-1867e6bc4dbe/go.mod h1:yKtYUYKkYe2xOB6qqHW+NnoHd6zBFRk72NS/8V/dgwk=
github.com/mylxsw/coll v0.0.0-20190810120926-a7a6f0f4bae8 h1:TtxSw54bx34zGgs7Y/VisH/sD5HOlopHbSavxTOzgko=
github.com/mylxsw/coll v0.0.0-20190810120926-a7a6f0f4bae8/go.mod h1:Ugpjgv7bOSn1NXiPNHl92DdCGP2siWk50irFSyI+Hf8=
github.com/mylxsw/container v0.0.0-20191208075953-c8ee6e3238cc h1:xBh4hQSO+fcWa/bFLOjxO4huSgofBltDJ3KXPiZlHGo=
github.com/mylxsw/container v0.0.0-20191208075953-c8ee6e3238cc/go.mod h1:v2QwNL+V2nI1o7naopTXXalpa1Y6b5E8lCwwANiYfyc=
github.com/pmezard/go-difflib v1.0.0 h1:4DBwDE0NGyQoBHbLQYPwSUPoCMWR5BEzIk/f1lZbAQM=
github.com/pmezard/go-difflib v1.0.0/go.mod h1:iKH77koFhYxTK1pcRnkKkqfTogsbg7gZNVY4sRDYZ/4=
github.com/smartystreets/assertions v0.0.0-20180927180507-b2de0cb4f26d/go.mod h1:OnSkiWE9lh6wB0YB77sQom3nweQdgAjqCqsofrRNTgc=
github.com/smartystreets/assertions v1.0.1 h1:voD4ITNjPL5jjBfgR/r8fPIIBrliWrWHeiJApdr3r4w=
github.com/smartystreets/assertions v1.0.1/go.mod h1:kHHU4qYBaI3q23Pp3VPrmWhuIUrLW/7eUrw0BU5VaoM=
github.com/smartystreets/goconvey v0.0.0-20190731233626-505e41936337 h1:WN9BUFbdyOsSH/XohnWpXOlq9NBD5sGAB2FciQMUEe8=
github.com/smartystreets/goconvey v0.0.0-20190731233626-505e41936337/go.mod h1:syvi0/a8iFYH4r/RixwvyeAJjdLS9QV7WQ/tjFTllLA=
github.com/stretchr/objx v0.1.0/go.mod h1:HFkY916IF+rwdDfMAkV7OtwuqBVzrE8GR6GFx+wExME=
github.com/stretchr/testify v1.3.0 h1:TivCn/peBQ7UY8ooIcPgZFpTNSz0Q2U6UrFlUfqbe0Q=
github.com/stretchr/testify v1.3.0/go.mod h1:M5WIy9Dh21IEIfnGCwXGc5bZfKNJtfHm1UVUgZn+9EI=
golang.org/x/crypto v0.0.0-20190308221718-c2843e01d9a2/go.mod h1:djNgcEr1/C05ACkg1iLfiJU5Ep61QUkGW8qpdssI0+w=
golang.org/x/net v0.0.0-20190311183353-d8887717615a/go.mod h1:t9HGtf8HONx5eT2rtn7q6eTqICYqUVnKs3thJo3Qplg=
golang.org/x/sys v0.0.0-20190215142949-d0b11bdaac8a/go.mod h1:STP8DvDyc/dI5b8T5hshtkjS+E42TnysNCUPdjciGhY=
golang.org/x/sys v0.0.0-20190222072716-a9d3bda3a223/go.mod h1:STP8DvDyc/dI5b8T5hshtkjS+E42TnysNCUPdjciGhY=
golang.org/x/sys v0.1.0 h1:kunALQeHf1/185U1i0GOB/fy1IPRDDpuoOOqRReG57U=
golang.org/x/sys v0.1.0/go.mod h1:oPkhp1MJrh7nUepCBck5+mAzfO9JrbApNNgaTdGDITg=
golang.org/x/text v0.3.0/go.mod h1:NqM8EUOU14njkJ3fqMW+pc6Ldnwhi/IjpwHt7yyuwOQ=
golang.org/x/tools v0.0.0-20190328211700-ab21143f2384/go.mod h1:LCzVGOaR6xXOjkQ3onu1FJEFr0SW1gC7cKk1uF8kGRs=
gopkg.in/ini.v1 v1.44.2 h1:N6kNUPqiIyxP+s/aINPzRvNpcTVV30qLC0t6ZjZFlUU=
gopkg.in/ini.v1 v1.44.2/go.mod h1:M3Cogqpuv0QCi3ExAY5V4uOt4qb/R3xZubo9m8lK5wg=
